
Microsoft Visual Studio Solution File, Format Version 12.00
# Visual Studio Version 17
VisualStudioVersion = 17.4.33122.133
MinimumVisualStudioVersion = 10.0.40219.1
Project("{FAE04EC0-301F-11D3-BF4B-00C04F79EFBC}") = "NDB.Library.Embeds", "NDB.Library.Embeds\NDB.Library.Embeds.csproj", "{69C1358B-6702-4D20-9F16-E567208E1BB1}"
EndProject
Global
	GlobalSection(SolutionConfigurationPlatforms) = preSolution
		Debug|Any CPU = Debug|Any CPU
		Release|Any CPU = Release|Any CPU
	EndGlobalSection
	GlobalSection(ProjectConfigurationPlatforms) = postSolution
		{69C1358B-6702-4D20-9F16-E567208E1BB1}.Debug|Any CPU.ActiveCfg = Debug|Any CPU
		{69C1358B-6702-4D20-9F16-E567208E1BB1}.Debug|Any CPU.Build.0 = Debug|Any CPU
		{69C1358B-6702-4D20-9F16-E567208E1BB1}.Release|Any CPU.ActiveCfg = Release|Any CPU
		{69C1358B-6702-4D20-9F16-E567208E1BB1}.Release|Any CPU.Build.0 = Release|Any CPU
	EndGlobalSection
	GlobalSection(SolutionProperties) = preSolution
		HideSolutionNode = FALSE
	EndGlobalSection
	GlobalSection(ExtensibilityGlobals) = postSolution
		SolutionGuid = {6E7C61E6-5A0D-4B25-9FB9-417F843CC52B}
	EndGlobalSection
EndGlobal
